
Microsoft Visual Studio Solution File, Format Version 12.00
# Visual Studio Version 16
VisualStudioVersion = 16.0.31205.134
MinimumVisualStudioVersion = 10.0.40219.1
Project("{9A19103F-16F7-4668-BE54-9A1E7A4F7556}") = "WebApplicationONE", "WebApplicationONE.csproj", "{6A0AD538-B345-41AA-8FFD-1D1BF01E5003}"
EndProject
Project("{FAE04EC0-301F-11D3-BF4B-00C04F79EFBC}") = "Keys", "..\Keys\Keys.csproj", "{E61DE236-DEEC-450B-B1D6-6679090EA1CB}"
EndProject
Global
	GlobalSection(SolutionConfigurationPlatforms) = preSolution
		Debug|Any CPU = Debug|Any CPU
		Release|Any CPU = Release|Any CPU
	EndGlobalSection
	GlobalSection(ProjectConfigurationPlatforms) = postSolution
		{6A0AD538-B345-41AA-8FFD-1D1BF01E5003}.Debug|Any CPU.ActiveCfg = Debug|Any CPU
		{6A0AD538-B345-41AA-8FFD-1D1BF01E5003}.Debug|Any CPU.Build.0 = Debug|Any CPU
		{6A0AD538-B345-41AA-8FFD-1D1BF01E5003}.Release|Any CPU.ActiveCfg = Release|Any CPU
		{6A0AD538-B345-41AA-8FFD-1D1BF01E5003}.Release|Any CPU.Build.0 = Release|Any CPU
		{E61DE236-DEEC-450B-B1D6-6679090EA1CB}.Debug|Any CPU.ActiveCfg = Debug|Any CPU
		{E61DE236-DEEC-450B-B1D6-6679090EA1CB}.Debug|Any CPU.Build.0 = Debug|Any CPU
		{E61DE236-DEEC-450B-B1D6-6679090EA1CB}.Release|Any CPU.ActiveCfg = Release|Any CPU
		{E61DE236-DEEC-450B-B1D6-6679090EA1CB}.Release|Any CPU.Build.0 = Release|Any CPU
	EndGlobalSection
	GlobalSection(SolutionProperties) = preSolution
		HideSolutionNode = FALSE
	EndGlobalSection
	GlobalSection(ExtensibilityGlobals) = postSolution
		SolutionGuid = {A7DA88AF-3D97-4A00-B6DE-7F61C1879F6C}
	EndGlobalSection
EndGlobal
